
Microsoft Visual Studio Solution File, Format Version 12.00
# Visual Studio 2012
Project("{FAE04EC0-301F-11D3-BF4B-00C04F79EFBC}") = "BillingHost", "BillingHost\BillingHost.csproj", "{1F8A7222-9BB1-405D-8B35-9C46FDA51EFC}"
EndProject
Global
	GlobalSection(SolutionConfigurationPlatforms) = preSolution
		Debug|Any CPU = Debug|Any CPU
		Release|Any CPU = Release|Any CPU
	EndGlobalSection
	GlobalSection(ProjectConfigurationPlatforms) = postSolution
		{1F8A7222-9BB1-405D-8B35-9C46FDA51EFC}.Debug|Any CPU.ActiveCfg = Debug|Any CPU
		{1F8A7222-9BB1-405D-8B35-9C46FDA51EFC}.Debug|Any CPU.Build.0 = Debug|Any CPU
		{1F8A7222-9BB1-405D-8B35-9C46FDA51EFC}.Release|Any CPU.ActiveCfg = Release|Any CPU
		{1F8A7222-9BB1-405D-8B35-9C46FDA51EFC}.Release|Any CPU.Build.0 = Release|Any CPU
	EndGlobalSection
	GlobalSection(SolutionProperties) = preSolution
		HideSolutionNode = FALSE
	EndGlobalSection
EndGlobal
